
Microsoft Visual Studio Solution File, Format Version 12.00
# Visual Studio Version 16
VisualStudioVersion = 16.0.31424.327
MinimumVisualStudioVersion = 10.0.40219.1
Project("{FAE04EC0-301F-11D3-BF4B-00C04F79EFBC}") = "PortCMD", "PortCMD\PortCMD.csproj", "{27C6A778-204B-494D-917B-263A3126D1B5}"
EndProject
Project("{FAE04EC0-301F-11D3-BF4B-00C04F79EFBC}") = "PortCMD.WinForm", "PortCMD.WinForm\PortCMD.WinForm.csproj", "{D0F65E21-D0FF-4918-AF6E-9DC01CE1015E}"
EndProject
Global
	GlobalSection(SolutionConfigurationPlatforms) = preSolution
		Debug|Any CPU = Debug|Any CPU
		Release|Any CPU = Release|Any CPU
	EndGlobalSection
	GlobalSection(ProjectConfigurationPlatforms) = postSolution
		{27C6A778-204B-494D-917B-263A3126D1B5}.Debug|Any CPU.ActiveCfg = Debug|Any CPU
		{27C6A778-204B-494D-917B-263A3126D1B5}.Debug|Any CPU.Build.0 = Debug|Any CPU
		{27C6A778-204B-494D-917B-263A3126D1B5}.Release|Any CPU.ActiveCfg = Release|Any CPU
		{27C6A778-204B-494D-917B-263A3126D1B5}.Release|Any CPU.Build.0 = Release|Any CPU
		{D0F65E21-D0FF-4918-AF6E-9DC01CE1015E}.Debug|Any CPU.ActiveCfg = Debug|Any CPU
		{D0F65E21-D0FF-4918-AF6E-9DC01CE1015E}.Debug|Any CPU.Build.0 = Debug|Any CPU
		{D0F65E21-D0FF-4918-AF6E-9DC01CE1015E}.Release|Any CPU.ActiveCfg = Release|Any CPU
		{D0F65E21-D0FF-4918-AF6E-9DC01CE1015E}.Release|Any CPU.Build.0 = Release|Any CPU
	EndGlobalSection
	GlobalSection(SolutionProperties) = preSolution
		HideSolutionNode = FALSE
	EndGlobalSection
	GlobalSection(ExtensibilityGlobals) = postSolution
		SolutionGuid = {20EC5DF0-5C98-46C6-AD6F-7B541B0FF433}
	EndGlobalSection
EndGlobal
